
Microsoft Visual Studio Solution File, Format Version 12.00
# Visual Studio Version 17
VisualStudioVersion = 17.7.34018.315
MinimumVisualStudioVersion = 10.0.40219.1
Project("{FAE04EC0-301F-11D3-BF4B-00C04F79EFBC}") = "Revisao_01", "Revisao_01.csproj", "{7E596ED7-0B67-439C-A0F4-30FBE4610457}"
EndProject
Global
	GlobalSection(SolutionConfigurationPlatforms) = preSolution
		Debug|Any CPU = Debug|Any CPU
		Release|Any CPU = Release|Any CPU
	EndGlobalSection
	GlobalSection(ProjectConfigurationPlatforms) = postSolution
		{7E596ED7-0B67-439C-A0F4-30FBE4610457}.Debug|Any CPU.ActiveCfg = Debug|Any CPU
		{7E596ED7-0B67-439C-A0F4-30FBE4610457}.Debug|Any CPU.Build.0 = Debug|Any CPU
		{7E596ED7-0B67-439C-A0F4-30FBE4610457}.Release|Any CPU.ActiveCfg = Release|Any CPU
		{7E596ED7-0B67-439C-A0F4-30FBE4610457}.Release|Any CPU.Build.0 = Release|Any CPU
	EndGlobalSection
	GlobalSection(SolutionProperties) = preSolution
		HideSolutionNode = FALSE
	EndGlobalSection
	GlobalSection(ExtensibilityGlobals) = postSolution
		SolutionGuid = {EFC9B20A-433C-4E6E-BFC5-269181BFE1E5}
	EndGlobalSection
EndGlobal
